
Microsoft Visual Studio Solution File, Format Version 12.00
# Visual Studio Version 17
VisualStudioVersion = 17.5.33530.505
MinimumVisualStudioVersion = 10.0.40219.1
Project("{FAE04EC0-301F-11D3-BF4B-00C04F79EFBC}") = "6_31_DegiskenZamansal", "6_31_DegiskenZamansal\6_31_DegiskenZamansal.csproj", "{FFEABAF1-E9A8-45AB-B05D-12EA6D0B97E0}"
EndProject
Project("{FAE04EC0-301F-11D3-BF4B-00C04F79EFBC}") = "6_32_DegiskenlerinDavranislari", "6_32_DegiskenlerinDavranislari\6_32_DegiskenlerinDavranislari.csproj", "{BC84A5F7-A0E9-44A7-A298-61DEDA2DFF0F}"
EndProject
Project("{FAE04EC0-301F-11D3-BF4B-00C04F79EFBC}") = "6_33_DegiskenFaaliyetAlanlari", "6_33_DegiskenFaaliyetAlanlari\6_33_DegiskenFaaliyetAlanlari.csproj", "{BA9C43A5-0C63-42BE-9725-FD7FACF3B705}"
EndProject
Project("{FAE04EC0-301F-11D3-BF4B-00C04F79EFBC}") = "6_34_DegiskenlerAlistirma1", "6_34_DegiskenlerAlistirma1\6_34_DegiskenlerAlistirma1.csproj", "{EC654398-09FE-47FC-A1C2-0097C22475BB}"
EndProject
Project("{FAE04EC0-301F-11D3-BF4B-00C04F79EFBC}") = "6_36_TurDonusumuBilincli", "6_36_TurDonusumuBilincli\6_36_TurDonusumuBilincli.csproj", "{83E7793E-2710-4214-BA95-A8B70DF5DBC8}"
EndProject
Project("{FAE04EC0-301F-11D3-BF4B-00C04F79EFBC}") = "6_37_BilincsizTurDonusumu", "6_37_BilincsizTurDonusumu\6_37_BilincsizTurDonusumu.csproj", "{18FE2D9A-C055-4EC3-9282-1F3A989D06E4}"
EndProject
Project("{FAE04EC0-301F-11D3-BF4B-00C04F79EFBC}") = "6_38_ObjectTipi", "6_38_ObjectTipi\6_38_ObjectTipi.csproj", "{584A847F-AA03-48E1-9FC7-5C055B189837}"
EndProject
Project("{FAE04EC0-301F-11D3-BF4B-00C04F79EFBC}") = "6_39_Boxing", "6_39_Boxing\6_39_Boxing.csproj", "{DABFDBD2-FE0E-4829-A87C-9F4C40754C11}"
EndProject
Project("{FAE04EC0-301F-11D3-BF4B-00C04F79EFBC}") = "6_40_StringDonusumu_Convert_Parse", "6_40_StringDonusumu\6_40_StringDonusumu_Convert_Parse.csproj", "{195CAA7C-FACA-4DDE-A8CE-75683F17115B}"
EndProject
Project("{FAE04EC0-301F-11D3-BF4B-00C04F79EFBC}") = "6_41_VarAnahtarKullanimi", "6_41_VarAnahtarKullanimi\6_41_VarAnahtarKullanimi.csproj", "{9C59EA9D-3421-461A-AA30-B5E360DD101A}"
EndProject
Project("{FAE04EC0-301F-11D3-BF4B-00C04F79EFBC}") = "6_42_DegiskenAlistirmalar2", "6_42_DegiskenAlistirmalar2\6_42_DegiskenAlistirmalar2.csproj", "{294AC3C0-C4D2-41C4-82AE-815076954AD2}"
EndProject
Project("{FAE04EC0-301F-11D3-BF4B-00C04F79EFBC}") = "6_43_DegiskenlerAlistirma3", "6_43_DegiskenlerAlistirma3\6_43_DegiskenlerAlistirma3.csproj", "{F015BC5E-3732-4F7F-8AEC-AB8AED32FEA3}"
EndProject
Project("{FAE04EC0-301F-11D3-BF4B-00C04F79EFBC}") = "7_45_AritmetikselOperatorler", "7_45_AritmetikselOperatorler\7_45_AritmetikselOperatorler.csproj", "{234421CD-4A20-494B-8189-2D5723674253}"
EndProject
Project("{FAE04EC0-301F-11D3-BF4B-00C04F79EFBC}") = "7_46_AritmetikselOperatorler_Cikarma", "7_46_AritmetikselOperatorler_Cıkarma\7_46_AritmetikselOperatorler_Cikarma.csproj", "{8DC782C0-C495-4730-8B4E-265EE0850806}"
EndProject
Project("{FAE04EC0-301F-11D3-BF4B-00C04F79EFBC}") = "7_47_AritmetikOperatorler_Carpma", "7_47_AritmetikOperatorler_Carpma\7_47_AritmetikOperatorler_Carpma.csproj", "{4754CA28-7588-4A39-86E0-B715967860C8}"
EndProject
Project("{FAE04EC0-301F-11D3-BF4B-00C04F79EFBC}") = "7_48_AritmetikOperatorler_Bolme", "7_48_AritmetikOperatorler_Bolme\7_48_AritmetikOperatorler_Bolme.csproj", "{C80812C0-A3DD-448D-B5F1-F29234522809}"
EndProject
Project("{FAE04EC0-301F-11D3-BF4B-00C04F79EFBC}") = "7_50_AritmetikselOperatorler_Alistirma1", "7_50_AritmetikselOperatorler_Alistirma1\7_50_AritmetikselOperatorler_Alistirma1.csproj", "{0BF5520C-A9F8-48F4-A6FD-573AAC20AF6F}"
EndProject
Project("{FAE04EC0-301F-11D3-BF4B-00C04F79EFBC}") = "7_51_AritmetikselOperatorler_Alistirma2", "7_51_AritmetikselOperatorler_Alistirma2\7_51_AritmetikselOperatorler_Alistirma2.csproj", "{F3FD7F5D-EABF-4CBB-B67A-5826580E52A7}"
EndProject
Project("{FAE04EC0-301F-11D3-BF4B-00C04F79EFBC}") = "7_52_KarsilastirmaOperatorleri_Buyuktur", "7_52_KarsilastirmaOperatorleri_Buyuktur\7_52_KarsilastirmaOperatorleri_Buyuktur.csproj", "{F1051CDB-26B7-49AC-ADA4-8EE1A91342CE}"
EndProject
Project("{FAE04EC0-301F-11D3-BF4B-00C04F79EFBC}") = "7_53_KarsilastirmaOperatorleri_Kucuktur", "7_53_KarsilastirmaOperatorleri_Kucuktur\7_53_KarsilastirmaOperatorleri_Kucuktur.csproj", "{28C9D626-252D-46DE-961B-917BB4FDA295}"
EndProject
Project("{FAE04EC0-301F-11D3-BF4B-00C04F79EFBC}") = "7_54_KarsilastirmaOperatorleri_Esittir_EsitDegildir", "7_54_KarsilastirmaOperatorleri_Esittir_EsitDegildir\7_54_KarsilastirmaOperatorleri_Esittir_EsitDegildir.csproj", "{670CDD86-5874-470A-A299-642853CCDBE3}"
EndProject
Project("{FAE04EC0-301F-11D3-BF4B-00C04F79EFBC}") = "7_55_KarsilastirmaOperatorleri_BuyukEsittir", "7_55_KarsilastirmaOperatorleri_BuyukEsittir\7_55_KarsilastirmaOperatorleri_BuyukEsittir.csproj", "{C6C4FEDC-4EA8-4191-9787-570E3338E395}"
EndProject
Project("{FAE04EC0-301F-11D3-BF4B-00C04F79EFBC}") = "7_56_KarsilastirmaOperatorleri_KucukEsittir", "7_56_KarsilastirmaOperatorleri_KucukEsittir\7_56_KarsilastirmaOperatorleri_KucukEsittir.csproj", "{BA769552-64BB-4221-A000-2779C8E5B0DC}"
EndProject
Project("{FAE04EC0-301F-11D3-BF4B-00C04F79EFBC}") = "7_57_Is_Operatoru", "7_57_Is_Operatoru\7_57_Is_Operatoru.csproj", "{88BEFDFE-B4AA-49F0-980A-9788DFBD3B7A}"
EndProject
Project("{FAE04EC0-301F-11D3-BF4B-00C04F79EFBC}") = "7_58_As_Operatoru", "7_58_As_Operatoru\7_58_As_Operatoru.csproj", "{021CE22A-57A0-4E1B-8B84-0BBC4E9A8861}"
EndProject
Project("{FAE04EC0-301F-11D3-BF4B-00C04F79EFBC}") = "7_59_KarsilastirmaOperatorleri_Alistirma1", "7_59_KarsilastirmaOperatorleri_Alistirma1\7_59_KarsilastirmaOperatorleri_Alistirma1.csproj", "{ED68B03A-7004-4B0B-A8A8-CE9BFA139712}"
EndProject
Project("{FAE04EC0-301F-11D3-BF4B-00C04F79EFBC}") = "7_60_KarsilastirmaOperatorleri_Alistirma2", "7_60_KarsilastirmaOperatorleri_Alistirma2\7_60_KarsilastirmaOperatorleri_Alistirma2.csproj", "{ED4CB972-C919-429B-9733-3593808162C3}"
EndProject
Project("{FAE04EC0-301F-11D3-BF4B-00C04F79EFBC}") = "7_61_MantiksalOperatorler_Ve_Operatoru", "7_61_MantiksalOperatorler_Ve_Operatoru\7_61_MantiksalOperatorler_Ve_Operatoru.csproj", "{27C699E1-0EB2-417E-9C45-C81D633B6605}"
EndProject
Project("{FAE04EC0-301F-11D3-BF4B-00C04F79EFBC}") = "7_62_MantiksalOperatorler_Veya_Operatoru", "7_62_MantiksalOperatorler_Veya_Operatoru\7_62_MantiksalOperatorler_Veya_Operatoru.csproj", "{039A16E4-32F9-4DB7-915C-F6E708FD5AD5}"
EndProject
Project("{FAE04EC0-301F-11D3-BF4B-00C04F79EFBC}") = "8_66_KararYapilari_IF_Kullanimi", "8_66_KararYapilari_IF_Kullanimi\8_66_KararYapilari_IF_Kullanimi.csproj", "{ECBEC58F-8E55-4852-8447-F4CE28574159}"
EndProject
Project("{FAE04EC0-301F-11D3-BF4B-00C04F79EFBC}") = "8_67_KararYapilari_IF_ELSE_Kullanimi", "8_67_KararYapilari_IF_ELSE_Kullanimi\8_67_KararYapilari_IF_ELSE_Kullanimi.csproj", "{0CA0325E-A6B4-428E-9272-8529DDE0B0D0}"
EndProject
Project("{FAE04EC0-301F-11D3-BF4B-00C04F79EFBC}") = "8_68_KararYapilari_IF_ELSE_IF_Kullanimi", "8_68_KararYapilari_IF_ELSE_IF_Kullanimi\8_68_KararYapilari_IF_ELSE_IF_Kullanimi.csproj", "{F335980F-1B9E-4975-8653-E790241DF28C}"
EndProject
Project("{FAE04EC0-301F-11D3-BF4B-00C04F79EFBC}") = "8_69_KararYapilari_Switch_Kullanimi", "8_69_KararYapilari_Switch_Kullanimi\8_69_KararYapilari_Switch_Kullanimi.csproj", "{1F63B7E4-7458-4016-8A60-BB32773C8F5A}"
EndProject
Project("{FAE04EC0-301F-11D3-BF4B-00C04F79EFBC}") = "8_70_KararYapilari_Alistirma1", "8_70_KararYapilari_Alistirma1\8_70_KararYapilari_Alistirma1.csproj", "{23FEF2CF-2D52-4EEA-91D6-7E6F34D6FE52}"
EndProject
Project("{FAE04EC0-301F-11D3-BF4B-00C04F79EFBC}") = "8_71_KararYapilari_Odev1", "8_71_KararYapilari_Odev1\8_71_KararYapilari_Odev1.csproj", "{AE85E346-24E3-4F19-AECA-1BECEC77F39C}"
EndProject
Project("{FAE04EC0-301F-11D3-BF4B-00C04F79EFBC}") = "8_72_KararYapilari_Alistirma2", "8_72_KararYapilari_Alistirma2\8_72_KararYapilari_Alistirma2.csproj", "{FD4B7557-E243-4852-BEAB-B73A0F70E450}"
EndProject
Project("{FAE04EC0-301F-11D3-BF4B-00C04F79EFBC}") = "8_73_KararYapilari_Odev2", "8_73_KararYapilari_Odev2\8_73_KararYapilari_Odev2.csproj", "{CB6AD2D4-9E7C-499A-A229-2C24925E3C32}"
EndProject
Project("{FAE04EC0-301F-11D3-BF4B-00C04F79EFBC}") = "8_74_KararYapilari_Alistirma3", "8_74_KararYapilari_Alistirma3\8_74_KararYapilari_Alistirma3.csproj", "{38380EF6-F911-40E0-BBF5-25A12FD8D23F}"
EndProject
Project("{FAE04EC0-301F-11D3-BF4B-00C04F79EFBC}") = "9_76_ForDongusu_GenelKullanim", "8_76_ForDongusu_GenelKullanim\9_76_ForDongusu_GenelKullanim.csproj", "{B743D3A6-BDCD-4C60-B3D8-29F54A0A6650}"
EndProject
Project("{FAE04EC0-301F-11D3-BF4B-00C04F79EFBC}") = "9_77_ForDongusu_IkiOrnek", "8_77_ForDongusu_IkiOrnek\9_77_ForDongusu_IkiOrnek.csproj", "{3615ECB3-11CF-4076-B6B4-CF0E185EFBA8}"
EndProject
Project("{FAE04EC0-301F-11D3-BF4B-00C04F79EFBC}") = "9_78_ForDongusu_Odev1", "8_78_ForDongusu_Odev1\9_78_ForDongusu_Odev1.csproj", "{97F904AD-A9D0-4A22-B2C2-759565E01C3D}"
EndProject
Project("{FAE04EC0-301F-11D3-BF4B-00C04F79EFBC}") = "9_79_ForDongusu_BreakContinue", "8_79_ForDongusu_BreakContinue\9_79_ForDongusu_BreakContinue.csproj", "{82A8B333-DE73-4F4A-ACEA-6301BAA72522}"
EndProject
Project("{FAE04EC0-301F-11D3-BF4B-00C04F79EFBC}") = "9_80_ForDongusu_IcIceForDongusu", "8_80_ForDongusu_IcIceForDongusu\9_80_ForDongusu_IcIceForDongusu.csproj", "{8F1E16CD-C103-4005-BFC0-EE6D1339B045}"
EndProject
Project("{FAE04EC0-301F-11D3-BF4B-00C04F79EFBC}") = "9_81_ForDongusu_Odev2", "8_81_ForDongusu_Odev2\9_81_ForDongusu_Odev2.csproj", "{99837F3E-C63B-45F9-A324-9CA8C0DAB712}"
EndProject
Project("{FAE04EC0-301F-11D3-BF4B-00C04F79EFBC}") = "9_82_ForeachDongusu", "8_76_ForeachDongusu\9_82_ForeachDongusu.csproj", "{DEEAA771-9F13-4B65-B675-9F508B518E15}"
EndProject
Project("{FAE04EC0-301F-11D3-BF4B-00C04F79EFBC}") = "9_83_WhileDongusu_GenelKullanim", "8_83_WhileDongusu_GenelKullanim\9_83_WhileDongusu_GenelKullanim.csproj", "{3D27D6ED-7A8E-4CB6-A514-844C305E5CB8}"
EndProject
Project("{FAE04EC0-301F-11D3-BF4B-00C04F79EFBC}") = "9_84_WhileDongusu_Odev1", "8_76_WhileDongusu_Odev1\9_84_WhileDongusu_Odev1.csproj", "{4E1C2B39-D48F-4D4C-ADB2-2C36BE1CC028}"
EndProject
Project("{FAE04EC0-301F-11D3-BF4B-00C04F79EFBC}") = "9_85_WhileDongusu_Odev2", "8_85_DoWhileDongusu_GenelKullanim\9_85_WhileDongusu_Odev2.csproj", "{006441CA-FBE1-480D-A1A6-567EA58196B0}"
EndProject
Project("{FAE04EC0-301F-11D3-BF4B-00C04F79EFBC}") = "9_86_DoWhile_GenelKullanim", "8_86_DoWhile_GenelKullanim\9_86_DoWhile_GenelKullanim.csproj", "{EA6E9511-8370-4C06-8455-397F896C0F51}"
EndProject
Project("{FAE04EC0-301F-11D3-BF4B-00C04F79EFBC}") = "9_87_DoWhile_Odev1", "8_87_DoWhile_Odev\9_87_DoWhile_Odev1.csproj", "{DFDE55AA-F045-44B3-AFA4-AD97B3AE5166}"
EndProject
Project("{FAE04EC0-301F-11D3-BF4B-00C04F79EFBC}") = "9_88_DoWhile_Odev1Cevap", "8_88_DoWhile_Odev1Cevap\9_88_DoWhile_Odev1Cevap.csproj", "{1F6DEBFF-BFF7-40A9-8941-43FAE158FE2F}"
EndProject
Project("{FAE04EC0-301F-11D3-BF4B-00C04F79EFBC}") = "9_89_DoWhile_Odev2Cevap", "8_89_DoWhile_Odev2Cevap\9_89_DoWhile_Odev2Cevap.csproj", "{7075CE19-39F6-450A-9E2A-55F75913AA57}"
EndProject
Project("{FAE04EC0-301F-11D3-BF4B-00C04F79EFBC}") = "10_92_DiziNedir", "10_92_DiziNedir\10_92_DiziNedir.csproj", "{7F8479AC-950A-481A-8CB8-5ECBAA9F1EC7}"
EndProject
Project("{FAE04EC0-301F-11D3-BF4B-00C04F79EFBC}") = "10_93_Dizi_OrnekKullanimlar", "10_93_Dizi_OrnekKullanimlar\10_93_Dizi_OrnekKullanimlar.csproj", "{188FF27C-B075-4E92-8CA3-AC0D55D0F31A}"
EndProject
Project("{FAE04EC0-301F-11D3-BF4B-00C04F79EFBC}") = "11_96_Koleksiyonlar_ArrayList_Nedir", "10_96_ArrayList_Nedir\11_96_Koleksiyonlar_ArrayList_Nedir.csproj", "{1B805B57-7581-4BE7-9E9E-AAB61988A871}"
EndProject
Project("{FAE04EC0-301F-11D3-BF4B-00C04F79EFBC}") = "11_97_Koleksiyonlar_ArrayList_Odev", "11_97_ArrayList_Odev\11_97_Koleksiyonlar_ArrayList_Odev.csproj", "{EE2DD3DC-D4B1-4684-9866-C069E2AE0EA2}"
EndProject
Project("{FAE04EC0-301F-11D3-BF4B-00C04F79EFBC}") = "11_98_Koleksiyonlar_HashTable_Nedir", "11_98_Koleksiyonlar_HashTable_Nedir\11_98_Koleksiyonlar_HashTable_Nedir.csproj", "{6D10CC67-CD98-4A1F-8675-EDC97ABAA419}"
EndProject
Project("{FAE04EC0-301F-11D3-BF4B-00C04F79EFBC}") = "11_99_Koleksiyonlar_HashTable_Odev", "11_99_Koleksiyonlar_HashTable_Odev\11_99_Koleksiyonlar_HashTable_Odev.csproj", "{E04A09B5-E4C6-4858-938A-2819AD5A07EB}"
EndProject
Project("{FAE04EC0-301F-11D3-BF4B-00C04F79EFBC}") = "11_100_Koleksiyonlar_SortedList_Nedir", "11_100_Koleksiyonlar_SortedList_Nedir\11_100_Koleksiyonlar_SortedList_Nedir.csproj", "{9AA5A71A-0E74-44E9-B9FF-6DD2400C383D}"
EndProject
Project("{FAE04EC0-301F-11D3-BF4B-00C04F79EFBC}") = "11_101_Koleksiyonlar_Stack_Nedir", "11_101_Koleksiyonlar_Stack_Nedir\11_101_Koleksiyonlar_Stack_Nedir.csproj", "{39FB8862-99D9-4740-94D2-D9CD6891F998}"
EndProject
Project("{FAE04EC0-301F-11D3-BF4B-00C04F79EFBC}") = "11_102_Koleksiyonlar_Queue_Nedir", "11_102_Koleksiyonlar_Queue_Nedir\11_102_Koleksiyonlar_Queue_Nedir.csproj", "{C6FC95C9-4F03-4DBD-B776-00125B3A5DE2}"
EndProject
Project("{FAE04EC0-301F-11D3-BF4B-00C04F79EFBC}") = "12_105_MainMetodu_Inceleme", "12_105_MainMetodu_Inceleme\12_105_MainMetodu_Inceleme.csproj", "{7A2C2070-E256-4683-81FF-54C17457A319}"
EndProject
Project("{FAE04EC0-301F-11D3-BF4B-00C04F79EFBC}") = "12_106_Csharp_OOP_KisaGiris", "12_106_Csharp_OOP_KisaGiris\12_106_Csharp_OOP_KisaGiris.csproj", "{25503B8F-61F5-453D-ABAD-57C88F6A2A85}"
EndProject
Project("{FAE04EC0-301F-11D3-BF4B-00C04F79EFBC}") = "12_107_YeniMetotTanimlamak", "12_107_YeniMetotTanimlamak\12_107_YeniMetotTanimlamak.csproj", "{8FF9671B-59E5-4A00-9E00-52E5CE50735F}"
EndProject
Project("{FAE04EC0-301F-11D3-BF4B-00C04F79EFBC}") = "12_108_Metot_Uygulamasi_MatematikselIslemler", "12_108_Metot_Uygulamasi_MatematikselIslemler\12_108_Metot_Uygulamasi_MatematikselIslemler.csproj", "{DBE138E5-A623-4427-83A7-D5FAB099B00F}"
EndProject
Project("{FAE04EC0-301F-11D3-BF4B-00C04F79EFBC}") = "12_109_Metot_Odev1", "12_109_Metot_Odev1\12_109_Metot_Odev1.csproj", "{56F5B4FF-EC10-40B6-B589-9E30D2BFDD7F}"
EndProject
Project("{FAE04EC0-301F-11D3-BF4B-00C04F79EFBC}") = "12_110_Public_Private_Access_Modifier", "12_110_Public_Private_Access_Modifier\12_110_Public_Private_Access_Modifier.csproj", "{097D7C21-A78E-4891-9A06-FBC540616138}"
EndProject
Project("{FAE04EC0-301F-11D3-BF4B-00C04F79EFBC}") = "12_111_Return_AnahtarKelimesi", "12_111_Return_AnahtarKelimesi\12_111_Return_AnahtarKelimesi.csproj", "{8FFC794C-B3C2-49E1-8404-6C909A5AFAEC}"
EndProject
Project("{FAE04EC0-301F-11D3-BF4B-00C04F79EFBC}") = "12_112_113_Parametre_Alan_Gonderen_VarsayilanDegerAtama", "12_112_113_Parametre_Alan_Gonderen_VarsayilanDegerAtama\12_112_113_Parametre_Alan_Gonderen_VarsayilanDegerAtama.csproj", "{43039AEF-6836-4B58-94BB-BA145544430E}"
EndProject
Project("{FAE04EC0-301F-11D3-BF4B-00C04F79EFBC}") = "12_114_ref_out_AnahtarKelimeleri", "12_114_ref_out_AnahtarKelimeleri\12_114_ref_out_AnahtarKelimeleri.csproj", "{0EF37766-22B8-469D-9449-CA561B18683C}"
EndProject
Project("{FAE04EC0-301F-11D3-BF4B-00C04F79EFBC}") = "12_115_params_kullanimi", "12_115_params_kullanimi\12_115_params_kullanimi.csproj", "{78CA3AA1-8051-44D4-80C7-DF24AEDAB4F7}"
EndProject
Project("{FAE04EC0-301F-11D3-BF4B-00C04F79EFBC}") = "12_116_Metotlara_AsiriYuklenme", "12_116_Metotlara_AsiriYuklenme\12_116_Metotlara_AsiriYuklenme.csproj", "{1D4784CF-3A26-4E9C-9C7B-8573BC5C8053}"
EndProject
Project("{FAE04EC0-301F-11D3-BF4B-00C04F79EFBC}") = "12_117_Metot_Parametrelerinde_MetotKullanimi", "12_117_Metot_Parametrelerinde_MetotKullanimi\12_117_Metot_Parametrelerinde_MetotKullanimi.csproj", "{4D321027-AA95-4C62-9527-BCD32BA057EB}"
EndProject
Project("{FAE04EC0-301F-11D3-BF4B-00C04F79EFBC}") = "12_118_Metot_Icinde_MetotTanimlama_LocalFunc", "12_118_Metot_Icinde_MetotTanimlama_LocalFunc\12_118_Metot_Icinde_MetotTanimlama_LocalFunc.csproj", "{5E655941-C5B4-456B-9BF3-753831EB6356}"
EndProject
Project("{FAE04EC0-301F-11D3-BF4B-00C04F79EFBC}") = "13_120_OOP_Siniflar_OOPNedir", "13_120_OOP_Siniflar_OOPNedir\13_120_OOP_Siniflar_OOPNedir.csproj", "{0414B466-D758-4E60-925B-84E3001CA683}"
EndProject
Project("{FAE04EC0-301F-11D3-BF4B-00C04F79EFBC}") = "13_121_OOP_Siniflar_Inceleme1", "13_121_OOP_Siniflar_Inceleme1\13_121_OOP_Siniflar_Inceleme1.csproj", "{E31F2548-4406-4DE3-B53B-6B65122FF579}"
EndProject
Project("{FAE04EC0-301F-11D3-BF4B-00C04F79EFBC}") = "13_122_OOP_Siniflar_Inceleme2", "13_122_OOP_Siniflar_Inceleme2\13_122_OOP_Siniflar_Inceleme2.csproj", "{D571476E-3F5B-4865-83CB-07B838049BF9}"
EndProject
Project("{FAE04EC0-301F-11D3-BF4B-00C04F79EFBC}") = "13_123_OOP_Siniflar_YapiciMetotKullanimi", "13_123_OOP_Siniflar_YapiciMetotKullanimi\13_123_OOP_Siniflar_YapiciMetotKullanimi.csproj", "{7D5AFFA2-487F-4A7B-A588-E292CDC7E735}"
EndProject
Project("{FAE04EC0-301F-11D3-BF4B-00C04F79EFBC}") = "13_124_OOP_Siniflar_SiniflardaMetotlarinKullanimi", "13_124_OOP_Siniflar_SiniflardaMetotlarinKullanimi\13_124_OOP_Siniflar_SiniflardaMetotlarinKullanimi.csproj", "{956B5EF1-43B1-4E96-B421-DFBA5885D222}"
EndProject
Project("{FAE04EC0-301F-11D3-BF4B-00C04F79EFBC}") = "13_125_OOP_Siniflar_Odev", "13_125_OOP_Siniflar_Odev\13_125_OOP_Siniflar_Odev.csproj", "{D6FD9A9F-CE61-4111-8A8D-78C5E52C4AC7}"
EndProject
Global
	GlobalSection(SolutionConfigurationPlatforms) = preSolution
		Debug|Any CPU = Debug|Any CPU
		Release|Any CPU = Release|Any CPU
	EndGlobalSection
	GlobalSection(ProjectConfigurationPlatforms) = postSolution
		{FFEABAF1-E9A8-45AB-B05D-12EA6D0B97E0}.Debug|Any CPU.ActiveCfg = Debug|Any CPU
		{FFEABAF1-E9A8-45AB-B05D-12EA6D0B97E0}.Debug|Any CPU.Build.0 = Debug|Any CPU
		{FFEABAF1-E9A8-45AB-B05D-12EA6D0B97E0}.Release|Any CPU.ActiveCfg = Release|Any CPU
		{FFEABAF1-E9A8-45AB-B05D-12EA6D0B97E0}.Release|Any CPU.Build.0 = Release|Any CPU
		{BC84A5F7-A0E9-44A7-A298-61DEDA2DFF0F}.Debug|Any CPU.ActiveCfg = Debug|Any CPU
		{BC84A5F7-A0E9-44A7-A298-61DEDA2DFF0F}.Debug|Any CPU.Build.0 = Debug|Any CPU
		{BC84A5F7-A0E9-44A7-A298-61DEDA2DFF0F}.Release|Any CPU.ActiveCfg = Release|Any CPU
		{BC84A5F7-A0E9-44A7-A298-61DEDA2DFF0F}.Release|Any CPU.Build.0 = Release|Any CPU
		{BA9C43A5-0C63-42BE-9725-FD7FACF3B705}.Debug|Any CPU.ActiveCfg = Debug|Any CPU
		{BA9C43A5-0C63-42BE-9725-FD7FACF3B705}.Debug|Any CPU.Build.0 = Debug|Any CPU
		{BA9C43A5-0C63-42BE-9725-FD7FACF3B705}.Release|Any CPU.ActiveCfg = Release|Any CPU
		{BA9C43A5-0C63-42BE-9725-FD7FACF3B705}.Release|Any CPU.Build.0 = Release|Any CPU
		{EC654398-09FE-47FC-A1C2-0097C22475BB}.Debug|Any CPU.ActiveCfg = Debug|Any CPU
		{EC654398-09FE-47FC-A1C2-0097C22475BB}.Debug|Any CPU.Build.0 = Debug|Any CPU
		{EC654398-09FE-47FC-A1C2-0097C22475BB}.Release|Any CPU.ActiveCfg = Release|Any CPU
		{EC654398-09FE-47FC-A1C2-0097C22475BB}.Release|Any CPU.Build.0 = Release|Any CPU
		{83E7793E-2710-4214-BA95-A8B70DF5DBC8}.Debug|Any CPU.ActiveCfg = Debug|Any CPU
		{83E7793E-2710-4214-BA95-A8B70DF5DBC8}.Debug|Any CPU.Build.0 = Debug|Any CPU
		{83E7793E-2710-4214-BA95-A8B70DF5DBC8}.Release|Any CPU.ActiveCfg = Release|Any CPU
		{83E7793E-2710-4214-BA95-A8B70DF5DBC8}.Release|Any CPU.Build.0 = Release|Any CPU
		{18FE2D9A-C055-4EC3-9282-1F3A989D06E4}.Debug|Any CPU.ActiveCfg = Debug|Any CPU
		{18FE2D9A-C055-4EC3-9282-1F3A989D06E4}.Debug|Any CPU.Build.0 = Debug|Any CPU
		{18FE2D9A-C055-4EC3-9282-1F3A989D06E4}.Release|Any CPU.ActiveCfg = Release|Any CPU
		{18FE2D9A-C055-4EC3-9282-1F3A989D06E4}.Release|Any CPU.Build.0 = Release|Any CPU
		{584A847F-AA03-48E1-9FC7-5C055B189837}.Debug|Any CPU.ActiveCfg = Debug|Any CPU
		{584A847F-AA03-48E1-9FC7-5C055B189837}.Debug|Any CPU.Build.0 = Debug|Any CPU
		{584A847F-AA03-48E1-9FC7-5C055B189837}.Release|Any CPU.ActiveCfg = Release|Any CPU
		{584A847F-AA03-48E1-9FC7-5C055B189837}.Release|Any CPU.Build.0 = Release|Any CPU
		{DABFDBD2-FE0E-4829-A87C-9F4C40754C11}.Debug|Any CPU.ActiveCfg = Debug|Any CPU
		{DABFDBD2-FE0E-4829-A87C-9F4C40754C11}.Debug|Any CPU.Build.0 = Debug|Any CPU
		{DABFDBD2-FE0E-4829-A87C-9F4C40754C11}.Release|Any CPU.ActiveCfg = Release|Any CPU
		{DABFDBD2-FE0E-4829-A87C-9F4C40754C11}.Release|Any CPU.Build.0 = Release|Any CPU
		{195CAA7C-FACA-4DDE-A8CE-75683F17115B}.Debug|Any CPU.ActiveCfg = Debug|Any CPU
		{195CAA7C-FACA-4DDE-A8CE-75683F17115B}.Debug|Any CPU.Build.0 = Debug|Any CPU
		{195CAA7C-FACA-4DDE-A8CE-75683F17115B}.Release|Any CPU.ActiveCfg = Release|Any CPU
		{195CAA7C-FACA-4DDE-A8CE-75683F17115B}.Release|Any CPU.Build.0 = Release|Any CPU
		{9C59EA9D-3421-461A-AA30-B5E360DD101A}.Debug|Any CPU.ActiveCfg = Debug|Any CPU
		{9C59EA9D-3421-461A-AA30-B5E360DD101A}.Debug|Any CPU.Build.0 = Debug|Any CPU
		{9C59EA9D-3421-461A-AA30-B5E360DD101A}.Release|Any CPU.ActiveCfg = Release|Any CPU
		{9C59EA9D-3421-461A-AA30-B5E360DD101A}.Release|Any CPU.Build.0 = Release|Any CPU
		{294AC3C0-C4D2-41C4-82AE-815076954AD2}.Debug|Any CPU.ActiveCfg = Debug|Any CPU
		{294AC3C0-C4D2-41C4-82AE-815076954AD2}.Debug|Any CPU.Build.0 = Debug|Any CPU
		{294AC3C0-C4D2-41C4-82AE-815076954AD2}.Release|Any CPU.ActiveCfg = Release|Any CPU
		{294AC3C0-C4D2-41C4-82AE-815076954AD2}.Release|Any CPU.Build.0 = Release|Any CPU
		{F015BC5E-3732-4F7F-8AEC-AB8AED32FEA3}.Debug|Any CPU.ActiveCfg = Debug|Any CPU
		{F015BC5E-3732-4F7F-8AEC-AB8AED32FEA3}.Debug|Any CPU.Build.0 = Debug|Any CPU
		{F015BC5E-3732-4F7F-8AEC-AB8AED32FEA3}.Release|Any CPU.ActiveCfg = Release|Any CPU
		{F015BC5E-3732-4F7F-8AEC-AB8AED32FEA3}.Release|Any CPU.Build.0 = Release|Any CPU
		{234421CD-4A20-494B-8189-2D5723674253}.Debug|Any CPU.ActiveCfg = Debug|Any CPU
		{234421CD-4A20-494B-8189-2D5723674253}.Debug|Any CPU.Build.0 = Debug|Any CPU
		{234421CD-4A20-494B-8189-2D5723674253}.Release|Any CPU.ActiveCfg = Release|Any CPU
		{234421CD-4A20-494B-8189-2D5723674253}.Release|Any CPU.Build.0 = Release|Any CPU
		{8DC782C0-C495-4730-8B4E-265EE0850806}.Debug|Any CPU.ActiveCfg = Debug|Any CPU
		{8DC782C0-C495-4730-8B4E-265EE0850806}.Debug|Any CPU.Build.0 = Debug|Any CPU
		{8DC782C0-C495-4730-8B4E-265EE0850806}.Release|Any CPU.ActiveCfg = Release|Any CPU
		{8DC782C0-C495-4730-8B4E-265EE0850806}.Release|Any CPU.Build.0 = Release|Any CPU
		{4754CA28-7588-4A39-86E0-B715967860C8}.Debug|Any CPU.ActiveCfg = Debug|Any CPU
		{4754CA28-7588-4A39-86E0-B715967860C8}.Debug|Any CPU.Build.0 = Debug|Any CPU
		{4754CA28-7588-4A39-86E0-B715967860C8}.Release|Any CPU.ActiveCfg = Release|Any CPU
		{4754CA28-7588-4A39-86E0-B715967860C8}.Release|Any CPU.Build.0 = Release|Any CPU
		{C80812C0-A3DD-448D-B5F1-F29234522809}.Debug|Any CPU.ActiveCfg = Debug|Any CPU
		{C80812C0-A3DD-448D-B5F1-F29234522809}.Debug|Any CPU.Build.0 = Debug|Any CPU
		{C80812C0-A3DD-448D-B5F1-F29234522809}.Release|Any CPU.ActiveCfg = Release|Any CPU
		{C80812C0-A3DD-448D-B5F1-F29234522809}.Release|Any CPU.Build.0 = Release|Any CPU
		{0BF5520C-A9F8-48F4-A6FD-573AAC20AF6F}.Debug|Any CPU.ActiveCfg = Debug|Any CPU
		{0BF5520C-A9F8-48F4-A6FD-573AAC20AF6F}.Debug|Any CPU.Build.0 = Debug|Any CPU
		{0BF5520C-A9F8-48F4-A6FD-573AAC20AF6F}.Release|Any CPU.ActiveCfg = Release|Any CPU
		{0BF5520C-A9F8-48F4-A6FD-573AAC20AF6F}.Release|Any CPU.Build.0 = Release|Any CPU
		{F3FD7F5D-EABF-4CBB-B67A-5826580E52A7}.Debug|Any CPU.ActiveCfg = Debug|Any CPU
		{F3FD7F5D-EABF-4CBB-B67A-5826580E52A7}.Debug|Any CPU.Build.0 = Debug|Any CPU
		{F3FD7F5D-EABF-4CBB-B67A-5826580E52A7}.Release|Any CPU.ActiveCfg = Release|Any CPU
		{F3FD7F5D-EABF-4CBB-B67A-5826580E52A7}.Release|Any CPU.Build.0 = Release|Any CPU
		{F1051CDB-26B7-49AC-ADA4-8EE1A91342CE}.Debug|Any CPU.ActiveCfg = Debug|Any CPU
		{F1051CDB-26B7-49AC-ADA4-8EE1A91342CE}.Debug|Any CPU.Build.0 = Debug|Any CPU
		{F1051CDB-26B7-49AC-ADA4-8EE1A91342CE}.Release|Any CPU.ActiveCfg = Release|Any CPU
		{F1051CDB-26B7-49AC-ADA4-8EE1A91342CE}.Release|Any CPU.Build.0 = Release|Any CPU
		{28C9D626-252D-46DE-961B-917BB4FDA295}.Debug|Any CPU.ActiveCfg = Debug|Any CPU
		{28C9D626-252D-46DE-961B-917BB4FDA295}.Debug|Any CPU.Build.0 = Debug|Any CPU
		{28C9D626-252D-46DE-961B-917BB4FDA295}.Release|Any CPU.ActiveCfg = Release|Any CPU
		{28C9D626-252D-46DE-961B-917BB4FDA295}.Release|Any CPU.Build.0 = Release|Any CPU
		{670CDD86-5874-470A-A299-642853CCDBE3}.Debug|Any CPU.ActiveCfg = Debug|Any CPU
		{670CDD86-5874-470A-A299-642853CCDBE3}.Debug|Any CPU.Build.0 = Debug|Any CPU
		{670CDD86-5874-470A-A299-642853CCDBE3}.Release|Any CPU.ActiveCfg = Release|Any CPU
		{670CDD86-5874-470A-A299-642853CCDBE3}.Release|Any CPU.Build.0 = Release|Any CPU
		{C6C4FEDC-4EA8-4191-9787-570E3338E395}.Debug|Any CPU.ActiveCfg = Debug|Any CPU
		{C6C4FEDC-4EA8-4191-9787-570E3338E395}.Debug|Any CPU.Build.0 = Debug|Any CPU
		{C6C4FEDC-4EA8-4191-9787-570E3338E395}.Release|Any CPU.ActiveCfg = Release|Any CPU
		{C6C4FEDC-4EA8-4191-9787-570E3338E395}.Release|Any CPU.Build.0 = Release|Any CPU
		{BA769552-64BB-4221-A000-2779C8E5B0DC}.Debug|Any CPU.ActiveCfg = Debug|Any CPU
		{BA769552-64BB-4221-A000-2779C8E5B0DC}.Debug|Any CPU.Build.0 = Debug|Any CPU
		{BA769552-64BB-4221-A000-2779C8E5B0DC}.Release|Any CPU.ActiveCfg = Release|Any CPU
		{BA769552-64BB-4221-A000-2779C8E5B0DC}.Release|Any CPU.Build.0 = Release|Any CPU
		{88BEFDFE-B4AA-49F0-980A-9788DFBD3B7A}.Debug|Any CPU.ActiveCfg = Debug|Any CPU
		{88BEFDFE-B4AA-49F0-980A-9788DFBD3B7A}.Debug|Any CPU.Build.0 = Debug|Any CPU
		{88BEFDFE-B4AA-49F0-980A-9788DFBD3B7A}.Release|Any CPU.ActiveCfg = Release|Any CPU
		{88BEFDFE-B4AA-49F0-980A-9788DFBD3B7A}.Release|Any CPU.Build.0 = Release|Any CPU
		{021CE22A-57A0-4E1B-8B84-0BBC4E9A8861}.Debug|Any CPU.ActiveCfg = Debug|Any CPU
		{021CE22A-57A0-4E1B-8B84-0BBC4E9A8861}.Debug|Any CPU.Build.0 = Debug|Any CPU
		{021CE22A-57A0-4E1B-8B84-0BBC4E9A8861}.Release|Any CPU.ActiveCfg = Release|Any CPU
		{021CE22A-57A0-4E1B-8B84-0BBC4E9A8861}.Release|Any CPU.Build.0 = Release|Any CPU
		{ED68B03A-7004-4B0B-A8A8-CE9BFA139712}.Debug|Any CPU.ActiveCfg = Debug|Any CPU
		{ED68B03A-7004-4B0B-A8A8-CE9BFA139712}.Debug|Any CPU.Build.0 = Debug|Any CPU
		{ED68B03A-7004-4B0B-A8A8-CE9BFA139712}.Release|Any CPU.ActiveCfg = Release|Any CPU
		{ED68B03A-7004-4B0B-A8A8-CE9BFA139712}.Release|Any CPU.Build.0 = Release|Any CPU
		{ED4CB972-C919-429B-9733-3593808162C3}.Debug|Any CPU.ActiveCfg = Debug|Any CPU
		{ED4CB972-C919-429B-9733-3593808162C3}.Debug|Any CPU.Build.0 = Debug|Any CPU
		{ED4CB972-C919-429B-9733-3593808162C3}.Release|Any CPU.ActiveCfg = Release|Any CPU
		{ED4CB972-C919-429B-9733-3593808162C3}.Release|Any CPU.Build.0 = Release|Any CPU
		{27C699E1-0EB2-417E-9C45-C81D633B6605}.Debug|Any CPU.ActiveCfg = Debug|Any CPU
		{27C699E1-0EB2-417E-9C45-C81D633B6605}.Debug|Any CPU.Build.0 = Debug|Any CPU
		{27C699E1-0EB2-417E-9C45-C81D633B6605}.Release|Any CPU.ActiveCfg = Release|Any CPU
		{27C699E1-0EB2-417E-9C45-C81D633B6605}.Release|Any CPU.Build.0 = Release|Any CPU
		{039A16E4-32F9-4DB7-915C-F6E708FD5AD5}.Debug|Any CPU.ActiveCfg = Debug|Any CPU
		{039A16E4-32F9-4DB7-915C-F6E708FD5AD5}.Debug|Any CPU.Build.0 = Debug|Any CPU
		{039A16E4-32F9-4DB7-915C-F6E708FD5AD5}.Release|Any CPU.ActiveCfg = Release|Any CPU
		{039A16E4-32F9-4DB7-915C-F6E708FD5AD5}.Release|Any CPU.Build.0 = Release|Any CPU
		{ECBEC58F-8E55-4852-8447-F4CE28574159}.Debug|Any CPU.ActiveCfg = Debug|Any CPU
		{ECBEC58F-8E55-4852-8447-F4CE28574159}.Debug|Any CPU.Build.0 = Debug|Any CPU
		{ECBEC58F-8E55-4852-8447-F4CE28574159}.Release|Any CPU.ActiveCfg = Release|Any CPU
		{ECBEC58F-8E55-4852-8447-F4CE28574159}.Release|Any CPU.Build.0 = Release|Any CPU
		{0CA0325E-A6B4-428E-9272-8529DDE0B0D0}.Debug|Any CPU.ActiveCfg = Debug|Any CPU
		{0CA0325E-A6B4-428E-9272-8529DDE0B0D0}.Debug|Any CPU.Build.0 = Debug|Any CPU
		{0CA0325E-A6B4-428E-9272-8529DDE0B0D0}.Release|Any CPU.ActiveCfg = Release|Any CPU
		{0CA0325E-A6B4-428E-9272-8529DDE0B0D0}.Release|Any CPU.Build.0 = Release|Any CPU
		{F335980F-1B9E-4975-8653-E790241DF28C}.Debug|Any CPU.ActiveCfg = Debug|Any CPU
		{F335980F-1B9E-4975-8653-E790241DF28C}.Debug|Any CPU.Build.0 = Debug|Any CPU
		{F335980F-1B9E-4975-8653-E790241DF28C}.Release|Any CPU.ActiveCfg = Release|Any CPU
		{F335980F-1B9E-4975-8653-E790241DF28C}.Release|Any CPU.Build.0 = Release|Any CPU
		{1F63B7E4-7458-4016-8A60-BB32773C8F5A}.Debug|Any CPU.ActiveCfg = Debug|Any CPU
		{1F63B7E4-7458-4016-8A60-BB32773C8F5A}.Debug|Any CPU.Build.0 = Debug|Any CPU
		{1F63B7E4-7458-4016-8A60-BB32773C8F5A}.Release|Any CPU.ActiveCfg = Release|Any CPU
		{1F63B7E4-7458-4016-8A60-BB32773C8F5A}.Release|Any CPU.Build.0 = Release|Any CPU
		{23FEF2CF-2D52-4EEA-91D6-7E6F34D6FE52}.Debug|Any CPU.ActiveCfg = Debug|Any CPU
		{23FEF2CF-2D52-4EEA-91D6-7E6F34D6FE52}.Debug|Any CPU.Build.0 = Debug|Any CPU
		{23FEF2CF-2D52-4EEA-91D6-7E6F34D6FE52}.Release|Any CPU.ActiveCfg = Release|Any CPU
		{23FEF2CF-2D52-4EEA-91D6-7E6F34D6FE52}.Release|Any CPU.Build.0 = Release|Any CPU
		{AE85E346-24E3-4F19-AECA-1BECEC77F39C}.Debug|Any CPU.ActiveCfg = Debug|Any CPU
		{AE85E346-24E3-4F19-AECA-1BECEC77F39C}.Debug|Any CPU.Build.0 = Debug|Any CPU
		{AE85E346-24E3-4F19-AECA-1BECEC77F39C}.Release|Any CPU.ActiveCfg = Release|Any CPU
		{AE85E346-24E3-4F19-AECA-1BECEC77F39C}.Release|Any CPU.Build.0 = Release|Any CPU
		{FD4B7557-E243-4852-BEAB-B73A0F70E450}.Debug|Any CPU.ActiveCfg = Debug|Any CPU
		{FD4B7557-E243-4852-BEAB-B73A0F70E450}.Debug|Any CPU.Build.0 = Debug|Any CPU
		{FD4B7557-E243-4852-BEAB-B73A0F70E450}.Release|Any CPU.ActiveCfg = Release|Any CPU
		{FD4B7557-E243-4852-BEAB-B73A0F70E450}.Release|Any CPU.Build.0 = Release|Any CPU
		{CB6AD2D4-9E7C-499A-A229-2C24925E3C32}.Debug|Any CPU.ActiveCfg = Debug|Any CPU
		{CB6AD2D4-9E7C-499A-A229-2C24925E3C32}.Debug|Any CPU.Build.0 = Debug|Any CPU
		{CB6AD2D4-9E7C-499A-A229-2C24925E3C32}.Release|Any CPU.ActiveCfg = Release|Any CPU
		{CB6AD2D4-9E7C-499A-A229-2C24925E3C32}.Release|Any CPU.Build.0 = Release|Any CPU
		{38380EF6-F911-40E0-BBF5-25A12FD8D23F}.Debug|Any CPU.ActiveCfg = Debug|Any CPU
		{38380EF6-F911-40E0-BBF5-25A12FD8D23F}.Debug|Any CPU.Build.0 = Debug|Any CPU
		{38380EF6-F911-40E0-BBF5-25A12FD8D23F}.Release|Any CPU.ActiveCfg = Release|Any CPU
		{38380EF6-F911-40E0-BBF5-25A12FD8D23F}.Release|Any CPU.Build.0 = Release|Any CPU
		{B743D3A6-BDCD-4C60-B3D8-29F54A0A6650}.Debug|Any CPU.ActiveCfg = Debug|Any CPU
		{B743D3A6-BDCD-4C60-B3D8-29F54A0A6650}.Debug|Any CPU.Build.0 = Debug|Any CPU
		{B743D3A6-BDCD-4C60-B3D8-29F54A0A6650}.Release|Any CPU.ActiveCfg = Release|Any CPU
		{B743D3A6-BDCD-4C60-B3D8-29F54A0A6650}.Release|Any CPU.Build.0 = Release|Any CPU
		{3615ECB3-11CF-4076-B6B4-CF0E185EFBA8}.Debug|Any CPU.ActiveCfg = Debug|Any CPU
		{3615ECB3-11CF-4076-B6B4-CF0E185EFBA8}.Debug|Any CPU.Build.0 = Debug|Any CPU
		{3615ECB3-11CF-4076-B6B4-CF0E185EFBA8}.Release|Any CPU.ActiveCfg = Release|Any CPU
		{3615ECB3-11CF-4076-B6B4-CF0E185EFBA8}.Release|Any CPU.Build.0 = Release|Any CPU
		{97F904AD-A9D0-4A22-B2C2-759565E01C3D}.Debug|Any CPU.ActiveCfg = Debug|Any CPU
		{97F904AD-A9D0-4A22-B2C2-759565E01C3D}.Debug|Any CPU.Build.0 = Debug|Any CPU
		{97F904AD-A9D0-4A22-B2C2-759565E01C3D}.Release|Any CPU.ActiveCfg = Release|Any CPU
		{97F904AD-A9D0-4A22-B2C2-759565E01C3D}.Release|Any CPU.Build.0 = Release|Any CPU
		{82A8B333-DE73-4F4A-ACEA-6301BAA72522}.Debug|Any CPU.ActiveCfg = Debug|Any CPU
		{82A8B333-DE73-4F4A-ACEA-6301BAA72522}.Debug|Any CPU.Build.0 = Debug|Any CPU
		{82A8B333-DE73-4F4A-ACEA-6301BAA72522}.Release|Any CPU.ActiveCfg = Release|Any CPU
		{82A8B333-DE73-4F4A-ACEA-6301BAA72522}.Release|Any CPU.Build.0 = Release|Any CPU
		{8F1E16CD-C103-4005-BFC0-EE6D1339B045}.Debug|Any CPU.ActiveCfg = Debug|Any CPU
		{8F1E16CD-C103-4005-BFC0-EE6D1339B045}.Debug|Any CPU.Build.0 = Debug|Any CPU
		{8F1E16CD-C103-4005-BFC0-EE6D1339B045}.Release|Any CPU.ActiveCfg = Release|Any CPU
		{8F1E16CD-C103-4005-BFC0-EE6D1339B045}.Release|Any CPU.Build.0 = Release|Any CPU
		{99837F3E-C63B-45F9-A324-9CA8C0DAB712}.Debug|Any CPU.ActiveCfg = Debug|Any CPU
		{99837F3E-C63B-45F9-A324-9CA8C0DAB712}.Debug|Any CPU.Build.0 = Debug|Any CPU
		{99837F3E-C63B-45F9-A324-9CA8C0DAB712}.Release|Any CPU.ActiveCfg = Release|Any CPU
		{99837F3E-C63B-45F9-A324-9CA8C0DAB712}.Release|Any CPU.Build.0 = Release|Any CPU
		{DEEAA771-9F13-4B65-B675-9F508B518E15}.Debug|Any CPU.ActiveCfg = Debug|Any CPU
		{DEEAA771-9F13-4B65-B675-9F508B518E15}.Debug|Any CPU.Build.0 = Debug|Any CPU
		{DEEAA771-9F13-4B65-B675-9F508B518E15}.Release|Any CPU.ActiveCfg = Release|Any CPU
		{DEEAA771-9F13-4B65-B675-9F508B518E15}.Release|Any CPU.Build.0 = Release|Any CPU
		{3D27D6ED-7A8E-4CB6-A514-844C305E5CB8}.Debug|Any CPU.ActiveCfg = Debug|Any CPU
		{3D27D6ED-7A8E-4CB6-A514-844C305E5CB8}.Debug|Any CPU.Build.0 = Debug|Any CPU
		{3D27D6ED-7A8E-4CB6-A514-844C305E5CB8}.Release|Any CPU.ActiveCfg = Release|Any CPU
		{3D27D6ED-7A8E-4CB6-A514-844C305E5CB8}.Release|Any CPU.Build.0 = Release|Any CPU
		{4E1C2B39-D48F-4D4C-ADB2-2C36BE1CC028}.Debug|Any CPU.ActiveCfg = Debug|Any CPU
		{4E1C2B39-D48F-4D4C-ADB2-2C36BE1CC028}.Debug|Any CPU.Build.0 = Debug|Any CPU
		{4E1C2B39-D48F-4D4C-ADB2-2C36BE1CC028}.Release|Any CPU.ActiveCfg = Release|Any CPU
		{4E1C2B39-D48F-4D4C-ADB2-2C36BE1CC028}.Release|Any CPU.Build.0 = Release|Any CPU
		{006441CA-FBE1-480D-A1A6-567EA58196B0}.Debug|Any CPU.ActiveCfg = Debug|Any CPU
		{006441CA-FBE1-480D-A1A6-567EA58196B0}.Debug|Any CPU.Build.0 = Debug|Any CPU
		{006441CA-FBE1-480D-A1A6-567EA58196B0}.Release|Any CPU.ActiveCfg = Release|Any CPU
		{006441CA-FBE1-480D-A1A6-567EA58196B0}.Release|Any CPU.Build.0 = Release|Any CPU
		{EA6E9511-8370-4C06-8455-397F896C0F51}.Debug|Any CPU.ActiveCfg = Debug|Any CPU
		{EA6E9511-8370-4C06-8455-397F896C0F51}.Debug|Any CPU.Build.0 = Debug|Any CPU
		{EA6E9511-8370-4C06-8455-397F896C0F51}.Release|Any CPU.ActiveCfg = Release|Any CPU
		{EA6E9511-8370-4C06-8455-397F896C0F51}.Release|Any CPU.Build.0 = Release|Any CPU
		{DFDE55AA-F045-44B3-AFA4-AD97B3AE5166}.Debug|Any CPU.ActiveCfg = Debug|Any CPU
		{DFDE55AA-F045-44B3-AFA4-AD97B3AE5166}.Debug|Any CPU.Build.0 = Debug|Any CPU
		{DFDE55AA-F045-44B3-AFA4-AD97B3AE5166}.Release|Any CPU.ActiveCfg = Release|Any CPU
		{DFDE55AA-F045-44B3-AFA4-AD97B3AE5166}.Release|Any CPU.Build.0 = Release|Any CPU
		{1F6DEBFF-BFF7-40A9-8941-43FAE158FE2F}.Debug|Any CPU.ActiveCfg = Debug|Any CPU
		{1F6DEBFF-BFF7-40A9-8941-43FAE158FE2F}.Debug|Any CPU.Build.0 = Debug|Any CPU
		{1F6DEBFF-BFF7-40A9-8941-43FAE158FE2F}.Release|Any CPU.ActiveCfg = Release|Any CPU
		{1F6DEBFF-BFF7-40A9-8941-43FAE158FE2F}.Release|Any CPU.Build.0 = Release|Any CPU
		{7075CE19-39F6-450A-9E2A-55F75913AA57}.Debug|Any CPU.ActiveCfg = Debug|Any CPU
		{7075CE19-39F6-450A-9E2A-55F75913AA57}.Debug|Any CPU.Build.0 = Debug|Any CPU
		{7075CE19-39F6-450A-9E2A-55F75913AA57}.Release|Any CPU.ActiveCfg = Release|Any CPU
		{7075CE19-39F6-450A-9E2A-55F75913AA57}.Release|Any CPU.Build.0 = Release|Any CPU
		{7F8479AC-950A-481A-8CB8-5ECBAA9F1EC7}.Debug|Any CPU.ActiveCfg = Debug|Any CPU
		{7F8479AC-950A-481A-8CB8-5ECBAA9F1EC7}.Debug|Any CPU.Build.0 = Debug|Any CPU
		{7F8479AC-950A-481A-8CB8-5ECBAA9F1EC7}.Release|Any CPU.ActiveCfg = Release|Any CPU
		{7F8479AC-950A-481A-8CB8-5ECBAA9F1EC7}.Release|Any CPU.Build.0 = Release|Any CPU
		{188FF27C-B075-4E92-8CA3-AC0D55D0F31A}.Debug|Any CPU.ActiveCfg = Debug|Any CPU
		{188FF27C-B075-4E92-8CA3-AC0D55D0F31A}.Debug|Any CPU.Build.0 = Debug|Any CPU
		{188FF27C-B075-4E92-8CA3-AC0D55D0F31A}.Release|Any CPU.ActiveCfg = Release|Any CPU
		{188FF27C-B075-4E92-8CA3-AC0D55D0F31A}.Release|Any CPU.Build.0 = Release|Any CPU
		{1B805B57-7581-4BE7-9E9E-AAB61988A871}.Debug|Any CPU.ActiveCfg = Debug|Any CPU
		{1B805B57-7581-4BE7-9E9E-AAB61988A871}.Debug|Any CPU.Build.0 = Debug|Any CPU
		{1B805B57-7581-4BE7-9E9E-AAB61988A871}.Release|Any CPU.ActiveCfg = Release|Any CPU
		{1B805B57-7581-4BE7-9E9E-AAB61988A871}.Release|Any CPU.Build.0 = Release|Any CPU
		{EE2DD3DC-D4B1-4684-9866-C069E2AE0EA2}.Debug|Any CPU.ActiveCfg = Debug|Any CPU
		{EE2DD3DC-D4B1-4684-9866-C069E2AE0EA2}.Debug|Any CPU.Build.0 = Debug|Any CPU
		{EE2DD3DC-D4B1-4684-9866-C069E2AE0EA2}.Release|Any CPU.ActiveCfg = Release|Any CPU
		{EE2DD3DC-D4B1-4684-9866-C069E2AE0EA2}.Release|Any CPU.Build.0 = Release|Any CPU
		{6D10CC67-CD98-4A1F-8675-EDC97ABAA419}.Debug|Any CPU.ActiveCfg = Debug|Any CPU
		{6D10CC67-CD98-4A1F-8675-EDC97ABAA419}.Debug|Any CPU.Build.0 = Debug|Any CPU
		{6D10CC67-CD98-4A1F-8675-EDC97ABAA419}.Release|Any CPU.ActiveCfg = Release|Any CPU
		{6D10CC67-CD98-4A1F-8675-EDC97ABAA419}.Release|Any CPU.Build.0 = Release|Any CPU
		{E04A09B5-E4C6-4858-938A-2819AD5A07EB}.Debug|Any CPU.ActiveCfg = Debug|Any CPU
		{E04A09B5-E4C6-4858-938A-2819AD5A07EB}.Debug|Any CPU.Build.0 = Debug|Any CPU
		{E04A09B5-E4C6-4858-938A-2819AD5A07EB}.Release|Any CPU.ActiveCfg = Release|Any CPU
		{E04A09B5-E4C6-4858-938A-2819AD5A07EB}.Release|Any CPU.Build.0 = Release|Any CPU
		{9AA5A71A-0E74-44E9-B9FF-6DD2400C383D}.Debug|Any CPU.ActiveCfg = Debug|Any CPU
		{9AA5A71A-0E74-44E9-B9FF-6DD2400C383D}.Debug|Any CPU.Build.0 = Debug|Any CPU
		{9AA5A71A-0E74-44E9-B9FF-6DD2400C383D}.Release|Any CPU.ActiveCfg = Release|Any CPU
		{9AA5A71A-0E74-44E9-B9FF-6DD2400C383D}.Release|Any CPU.Build.0 = Release|Any CPU
		{39FB8862-99D9-4740-94D2-D9CD6891F998}.Debug|Any CPU.ActiveCfg = Debug|Any CPU
		{39FB8862-99D9-4740-94D2-D9CD6891F998}.Debug|Any CPU.Build.0 = Debug|Any CPU
		{39FB8862-99D9-4740-94D2-D9CD6891F998}.Release|Any CPU.ActiveCfg = Release|Any CPU
		{39FB8862-99D9-4740-94D2-D9CD6891F998}.Release|Any CPU.Build.0 = Release|Any CPU
		{C6FC95C9-4F03-4DBD-B776-00125B3A5DE2}.Debug|Any CPU.ActiveCfg = Debug|Any CPU
		{C6FC95C9-4F03-4DBD-B776-00125B3A5DE2}.Debug|Any CPU.Build.0 = Debug|Any CPU
		{C6FC95C9-4F03-4DBD-B776-00125B3A5DE2}.Release|Any CPU.ActiveCfg = Release|Any CPU
		{C6FC95C9-4F03-4DBD-B776-00125B3A5DE2}.Release|Any CPU.Build.0 = Release|Any CPU
		{7A2C2070-E256-4683-81FF-54C17457A319}.Debug|Any CPU.ActiveCfg = Debug|Any CPU
		{7A2C2070-E256-4683-81FF-54C17457A319}.Debug|Any CPU.Build.0 = Debug|Any CPU
		{7A2C2070-E256-4683-81FF-54C17457A319}.Release|Any CPU.ActiveCfg = Release|Any CPU
		{7A2C2070-E256-4683-81FF-54C17457A319}.Release|Any CPU.Build.0 = Release|Any CPU
		{25503B8F-61F5-453D-ABAD-57C88F6A2A85}.Debug|Any CPU.ActiveCfg = Debug|Any CPU
		{25503B8F-61F5-453D-ABAD-57C88F6A2A85}.Debug|Any CPU.Build.0 = Debug|Any CPU
		{25503B8F-61F5-453D-ABAD-57C88F6A2A85}.Release|Any CPU.ActiveCfg = Release|Any CPU
		{25503B8F-61F5-453D-ABAD-57C88F6A2A85}.Release|Any CPU.Build.0 = Release|Any CPU
		{8FF9671B-59E5-4A00-9E00-52E5CE50735F}.Debug|Any CPU.ActiveCfg = Debug|Any CPU
		{8FF9671B-59E5-4A00-9E00-52E5CE50735F}.Debug|Any CPU.Build.0 = Debug|Any CPU
		{8FF9671B-59E5-4A00-9E00-52E5CE50735F}.Release|Any CPU.ActiveCfg = Release|Any CPU
		{8FF9671B-59E5-4A00-9E00-52E5CE50735F}.Release|Any CPU.Build.0 = Release|Any CPU
		{DBE138E5-A623-4427-83A7-D5FAB099B00F}.Debug|Any CPU.ActiveCfg = Debug|Any CPU
		{DBE138E5-A623-4427-83A7-D5FAB099B00F}.Debug|Any CPU.Build.0 = Debug|Any CPU
		{DBE138E5-A623-4427-83A7-D5FAB099B00F}.Release|Any CPU.ActiveCfg = Release|Any CPU
		{DBE138E5-A623-4427-83A7-D5FAB099B00F}.Release|Any CPU.Build.0 = Release|Any CPU
		{56F5B4FF-EC10-40B6-B589-9E30D2BFDD7F}.Debug|Any CPU.ActiveCfg = Debug|Any CPU
		{56F5B4FF-EC10-40B6-B589-9E30D2BFDD7F}.Debug|Any CPU.Build.0 = Debug|Any CPU
		{56F5B4FF-EC10-40B6-B589-9E30D2BFDD7F}.Release|Any CPU.ActiveCfg = Release|Any CPU
		{56F5B4FF-EC10-40B6-B589-9E30D2BFDD7F}.Release|Any CPU.Build.0 = Release|Any CPU
		{097D7C21-A78E-4891-9A06-FBC540616138}.Debug|Any CPU.ActiveCfg = Debug|Any CPU
		{097D7C21-A78E-4891-9A06-FBC540616138}.Debug|Any CPU.Build.0 = Debug|Any CPU
		{097D7C21-A78E-4891-9A06-FBC540616138}.Release|Any CPU.ActiveCfg = Release|Any CPU
		{097D7C21-A78E-4891-9A06-FBC540616138}.Release|Any CPU.Build.0 = Release|Any CPU
		{8FFC794C-B3C2-49E1-8404-6C909A5AFAEC}.Debug|Any CPU.ActiveCfg = Debug|Any CPU
		{8FFC794C-B3C2-49E1-8404-6C909A5AFAEC}.Debug|Any CPU.Build.0 = Debug|Any CPU
		{8FFC794C-B3C2-49E1-8404-6C909A5AFAEC}.Release|Any CPU.ActiveCfg = Release|Any CPU
		{8FFC794C-B3C2-49E1-8404-6C909A5AFAEC}.Release|Any CPU.Build.0 = Release|Any CPU
		{43039AEF-6836-4B58-94BB-BA145544430E}.Debug|Any CPU.ActiveCfg = Debug|Any CPU
		{43039AEF-6836-4B58-94BB-BA145544430E}.Debug|Any CPU.Build.0 = Debug|Any CPU
		{43039AEF-6836-4B58-94BB-BA145544430E}.Release|Any CPU.ActiveCfg = Release|Any CPU
		{43039AEF-6836-4B58-94BB-BA145544430E}.Release|Any CPU.Build.0 = Release|Any CPU
		{0EF37766-22B8-469D-9449-CA561B18683C}.Debug|Any CPU.ActiveCfg = Debug|Any CPU
		{0EF37766-22B8-469D-9449-CA561B18683C}.Debug|Any CPU.Build.0 = Debug|Any CPU
		{0EF37766-22B8-469D-9449-CA561B18683C}.Release|Any CPU.ActiveCfg = Release|Any CPU
		{0EF37766-22B8-469D-9449-CA561B18683C}.Release|Any CPU.Build.0 = Release|Any CPU
		{78CA3AA1-8051-44D4-80C7-DF24AEDAB4F7}.Debug|Any CPU.ActiveCfg = Debug|Any CPU
		{78CA3AA1-8051-44D4-80C7-DF24AEDAB4F7}.Debug|Any CPU.Build.0 = Debug|Any CPU
		{78CA3AA1-8051-44D4-80C7-DF24AEDAB4F7}.Release|Any CPU.ActiveCfg = Release|Any CPU
		{78CA3AA1-8051-44D4-80C7-DF24AEDAB4F7}.Release|Any CPU.Build.0 = Release|Any CPU
		{1D4784CF-3A26-4E9C-9C7B-8573BC5C8053}.Debug|Any CPU.ActiveCfg = Debug|Any CPU
		{1D4784CF-3A26-4E9C-9C7B-8573BC5C8053}.Debug|Any CPU.Build.0 = Debug|Any CPU
		{1D4784CF-3A26-4E9C-9C7B-8573BC5C8053}.Release|Any CPU.ActiveCfg = Release|Any CPU
		{1D4784CF-3A26-4E9C-9C7B-8573BC5C8053}.Release|Any CPU.Build.0 = Release|Any CPU
		{4D321027-AA95-4C62-9527-BCD32BA057EB}.Debug|Any CPU.ActiveCfg = Debug|Any CPU
		{4D321027-AA95-4C62-9527-BCD32BA057EB}.Debug|Any CPU.Build.0 = Debug|Any CPU
		{4D321027-AA95-4C62-9527-BCD32BA057EB}.Release|Any CPU.ActiveCfg = Release|Any CPU
		{4D321027-AA95-4C62-9527-BCD32BA057EB}.Release|Any CPU.Build.0 = Release|Any CPU
		{5E655941-C5B4-456B-9BF3-753831EB6356}.Debug|Any CPU.ActiveCfg = Debug|Any CPU
		{5E655941-C5B4-456B-9BF3-753831EB6356}.Debug|Any CPU.Build.0 = Debug|Any CPU
		{5E655941-C5B4-456B-9BF3-753831EB6356}.Release|Any CPU.ActiveCfg = Release|Any CPU
		{5E655941-C5B4-456B-9BF3-753831EB6356}.Release|Any CPU.Build.0 = Release|Any CPU
		{0414B466-D758-4E60-925B-84E3001CA683}.Debug|Any CPU.ActiveCfg = Debug|Any CPU
		{0414B466-D758-4E60-925B-84E3001CA683}.Debug|Any CPU.Build.0 = Debug|Any CPU
		{0414B466-D758-4E60-925B-84E3001CA683}.Release|Any CPU.ActiveCfg = Release|Any CPU
		{0414B466-D758-4E60-925B-84E3001CA683}.Release|Any CPU.Build.0 = Release|Any CPU
		{E31F2548-4406-4DE3-B53B-6B65122FF579}.Debug|Any CPU.ActiveCfg = Debug|Any CPU
		{E31F2548-4406-4DE3-B53B-6B65122FF579}.Debug|Any CPU.Build.0 = Debug|Any CPU
		{E31F2548-4406-4DE3-B53B-6B65122FF579}.Release|Any CPU.ActiveCfg = Release|Any CPU
		{E31F2548-4406-4DE3-B53B-6B65122FF579}.Release|Any CPU.Build.0 = Release|Any CPU
		{D571476E-3F5B-4865-83CB-07B838049BF9}.Debug|Any CPU.ActiveCfg = Debug|Any CPU
		{D571476E-3F5B-4865-83CB-07B838049BF9}.Debug|Any CPU.Build.0 = Debug|Any CPU
		{D571476E-3F5B-4865-83CB-07B838049BF9}.Release|Any CPU.ActiveCfg = Release|Any CPU
		{D571476E-3F5B-4865-83CB-07B838049BF9}.Release|Any CPU.Build.0 = Release|Any CPU
		{7D5AFFA2-487F-4A7B-A588-E292CDC7E735}.Debug|Any CPU.ActiveCfg = Debug|Any CPU
		{7D5AFFA2-487F-4A7B-A588-E292CDC7E735}.Debug|Any CPU.Build.0 = Debug|Any CPU
		{7D5AFFA2-487F-4A7B-A588-E292CDC7E735}.Release|Any CPU.ActiveCfg = Release|Any CPU
		{7D5AFFA2-487F-4A7B-A588-E292CDC7E735}.Release|Any CPU.Build.0 = Release|Any CPU
		{956B5EF1-43B1-4E96-B421-DFBA5885D222}.Debug|Any CPU.ActiveCfg = Debug|Any CPU
		{956B5EF1-43B1-4E96-B421-DFBA5885D222}.Debug|Any CPU.Build.0 = Debug|Any CPU
		{956B5EF1-43B1-4E96-B421-DFBA5885D222}.Release|Any CPU.ActiveCfg = Release|Any CPU
		{956B5EF1-43B1-4E96-B421-DFBA5885D222}.Release|Any CPU.Build.0 = Release|Any CPU
		{D6FD9A9F-CE61-4111-8A8D-78C5E52C4AC7}.Debug|Any CPU.ActiveCfg = Debug|Any CPU
		{D6FD9A9F-CE61-4111-8A8D-78C5E52C4AC7}.Debug|Any CPU.Build.0 = Debug|Any CPU
		{D6FD9A9F-CE61-4111-8A8D-78C5E52C4AC7}.Release|Any CPU.ActiveCfg = Release|Any CPU
		{D6FD9A9F-CE61-4111-8A8D-78C5E52C4AC7}.Release|Any CPU.Build.0 = Release|Any CPU
	EndGlobalSection
	GlobalSection(SolutionProperties) = preSolution
		HideSolutionNode = FALSE
	EndGlobalSection
	GlobalSection(ExtensibilityGlobals) = postSolution
		SolutionGuid = {A1AC7AE9-E6F2-4714-832F-C115677AC3F7}
	EndGlobalSection
EndGlobal
